
Microsoft Visual Studio Solution File, Format Version 12.00
# Visual Studio Version 17
VisualStudioVersion = 17.11.35303.130
MinimumVisualStudioVersion = 10.0.40219.1
Project("{FAE04EC0-301F-11D3-BF4B-00C04F79EFBC}") = "Lab1.U17.Register", "Lab1.U17.Register\Lab1.U17.Register.csproj", "{AA32969B-203F-4C20-A972-0AC1CF027323}"
EndProject
Global
	GlobalSection(SolutionConfigurationPlatforms) = preSolution
		Debug|Any CPU = Debug|Any CPU
		Release|Any CPU = Release|Any CPU
	EndGlobalSection
	GlobalSection(ProjectConfigurationPlatforms) = postSolution
		{AA32969B-203F-4C20-A972-0AC1CF027323}.Debug|Any CPU.ActiveCfg = Debug|Any CPU
		{AA32969B-203F-4C20-A972-0AC1CF027323}.Debug|Any CPU.Build.0 = Debug|Any CPU
		{AA32969B-203F-4C20-A972-0AC1CF027323}.Release|Any CPU.ActiveCfg = Release|Any CPU
		{AA32969B-203F-4C20-A972-0AC1CF027323}.Release|Any CPU.Build.0 = Release|Any CPU
	EndGlobalSection
	GlobalSection(SolutionProperties) = preSolution
		HideSolutionNode = FALSE
	EndGlobalSection
	GlobalSection(ExtensibilityGlobals) = postSolution
		SolutionGuid = {19D3469C-39FD-49DB-B0B9-51A56A40A078}
	EndGlobalSection
EndGlobal
