
Microsoft Visual Studio Solution File, Format Version 12.00
# Visual Studio Version 17
VisualStudioVersion = 17.11.35303.130
MinimumVisualStudioVersion = 10.0.40219.1
Project("{FAE04EC0-301F-11D3-BF4B-00C04F79EFBC}") = "Lab3.Individual.Register", "Lab3.Individual.Register\Lab3.Individual.Register.csproj", "{CA4F47BF-8B98-47C4-BD17-1517493017CC}"
EndProject
Global
	GlobalSection(SolutionConfigurationPlatforms) = preSolution
		Debug|Any CPU = Debug|Any CPU
		Release|Any CPU = Release|Any CPU
	EndGlobalSection
	GlobalSection(ProjectConfigurationPlatforms) = postSolution
		{CA4F47BF-8B98-47C4-BD17-1517493017CC}.Debug|Any CPU.ActiveCfg = Debug|Any CPU
		{CA4F47BF-8B98-47C4-BD17-1517493017CC}.Debug|Any CPU.Build.0 = Debug|Any CPU
		{CA4F47BF-8B98-47C4-BD17-1517493017CC}.Release|Any CPU.ActiveCfg = Release|Any CPU
		{CA4F47BF-8B98-47C4-BD17-1517493017CC}.Release|Any CPU.Build.0 = Release|Any CPU
	EndGlobalSection
	GlobalSection(SolutionProperties) = preSolution
		HideSolutionNode = FALSE
	EndGlobalSection
	GlobalSection(ExtensibilityGlobals) = postSolution
		SolutionGuid = {75B9959C-02E5-4CDB-A566-D17190EA41B1}
	EndGlobalSection
EndGlobal
