
Microsoft Visual Studio Solution File, Format Version 12.00
# Visual Studio Version 17
VisualStudioVersion = 17.0.31903.59
MinimumVisualStudioVersion = 10.0.40219.1
Project("{FAE04EC0-301F-11D3-BF4B-00C04F79EFBC}") = "Introduction.SimpleMath", "Introduction.SimpleMath\Introduction.SimpleMath.csproj", "{23E7A7AE-9CF4-4B73-ACD5-D64A7669E308}"
EndProject
Project("{FAE04EC0-301F-11D3-BF4B-00C04F79EFBC}") = "Introduction.Methods.Step1", "Introduction.Methods.Step1\Introduction.Methods.Step1.csproj", "{8EF962AB-B358-4A57-A7DF-780AEE0060E9}"
EndProject
Project("{FAE04EC0-301F-11D3-BF4B-00C04F79EFBC}") = "Introduction.MoreMath", "Introduction.MoreMath\Introduction.MoreMath.csproj", "{62424275-5BC1-4952-9A44-8F1A325A7904}"
EndProject
Project("{FAE04EC0-301F-11D3-BF4B-00C04F79EFBC}") = "Introduction.Function", "Introduction.Function\Introduction.Function.csproj", "{0DA64421-FFB2-4908-B82B-57C5EB826788}"
EndProject
Project("{FAE04EC0-301F-11D3-BF4B-00C04F79EFBC}") = "Introduction.Calc", "Introduction.Calc\Introduction.Calc.csproj", "{C07A7CC3-5E6B-4329-A7EC-C657F211432B}"
EndProject
Project("{FAE04EC0-301F-11D3-BF4B-00C04F79EFBC}") = "Introduction.Greeting", "Introduction.Greeting\Introduction.Greeting.csproj", "{621B9723-1880-4404-A4B8-B73605257769}"
EndProject
Global
	GlobalSection(SolutionConfigurationPlatforms) = preSolution
		Debug|Any CPU = Debug|Any CPU
		Release|Any CPU = Release|Any CPU
	EndGlobalSection
	GlobalSection(SolutionProperties) = preSolution
		HideSolutionNode = FALSE
	EndGlobalSection
	GlobalSection(ProjectConfigurationPlatforms) = postSolution
		{23E7A7AE-9CF4-4B73-ACD5-D64A7669E308}.Debug|Any CPU.ActiveCfg = Debug|Any CPU
		{23E7A7AE-9CF4-4B73-ACD5-D64A7669E308}.Debug|Any CPU.Build.0 = Debug|Any CPU
		{23E7A7AE-9CF4-4B73-ACD5-D64A7669E308}.Release|Any CPU.ActiveCfg = Release|Any CPU
		{23E7A7AE-9CF4-4B73-ACD5-D64A7669E308}.Release|Any CPU.Build.0 = Release|Any CPU
		{8EF962AB-B358-4A57-A7DF-780AEE0060E9}.Debug|Any CPU.ActiveCfg = Debug|Any CPU
		{8EF962AB-B358-4A57-A7DF-780AEE0060E9}.Debug|Any CPU.Build.0 = Debug|Any CPU
		{8EF962AB-B358-4A57-A7DF-780AEE0060E9}.Release|Any CPU.ActiveCfg = Release|Any CPU
		{8EF962AB-B358-4A57-A7DF-780AEE0060E9}.Release|Any CPU.Build.0 = Release|Any CPU
		{62424275-5BC1-4952-9A44-8F1A325A7904}.Debug|Any CPU.ActiveCfg = Debug|Any CPU
		{62424275-5BC1-4952-9A44-8F1A325A7904}.Debug|Any CPU.Build.0 = Debug|Any CPU
		{62424275-5BC1-4952-9A44-8F1A325A7904}.Release|Any CPU.ActiveCfg = Release|Any CPU
		{62424275-5BC1-4952-9A44-8F1A325A7904}.Release|Any CPU.Build.0 = Release|Any CPU
		{0DA64421-FFB2-4908-B82B-57C5EB826788}.Debug|Any CPU.ActiveCfg = Debug|Any CPU
		{0DA64421-FFB2-4908-B82B-57C5EB826788}.Debug|Any CPU.Build.0 = Debug|Any CPU
		{0DA64421-FFB2-4908-B82B-57C5EB826788}.Release|Any CPU.ActiveCfg = Release|Any CPU
		{0DA64421-FFB2-4908-B82B-57C5EB826788}.Release|Any CPU.Build.0 = Release|Any CPU
		{C07A7CC3-5E6B-4329-A7EC-C657F211432B}.Debug|Any CPU.ActiveCfg = Debug|Any CPU
		{C07A7CC3-5E6B-4329-A7EC-C657F211432B}.Debug|Any CPU.Build.0 = Debug|Any CPU
		{C07A7CC3-5E6B-4329-A7EC-C657F211432B}.Release|Any CPU.ActiveCfg = Release|Any CPU
		{C07A7CC3-5E6B-4329-A7EC-C657F211432B}.Release|Any CPU.Build.0 = Release|Any CPU
		{621B9723-1880-4404-A4B8-B73605257769}.Debug|Any CPU.ActiveCfg = Debug|Any CPU
		{621B9723-1880-4404-A4B8-B73605257769}.Debug|Any CPU.Build.0 = Debug|Any CPU
		{621B9723-1880-4404-A4B8-B73605257769}.Release|Any CPU.ActiveCfg = Release|Any CPU
		{621B9723-1880-4404-A4B8-B73605257769}.Release|Any CPU.Build.0 = Release|Any CPU
	EndGlobalSection
EndGlobal
